// !$*UTF8*$!
{
	archiveVersion = 1;
	classes = {
	};
	objectVersion = 51;
	objects = {

/* Begin PBXBuildFile section */
		19BBBA0EEB59C2F8FA7FB802 /* Pods_FlickrClient_FlickrClientUITests.framework in Frameworks */ = {isa = PBXBuildFile; fileRef = 29B598464D40DA00B4689EE3 /* Pods_FlickrClient_FlickrClientUITests.framework */; };
		476D9C95646CEB145997BC13 /* Pods_FlickrClientTests.framework in Frameworks */ = {isa = PBXBuildFile; fileRef = B9C5F0CE4666854657F3BF3A /* Pods_FlickrClientTests.framework */; };
		B9828FC825D31A2F00DBAF7E /* MockedRepository.swift in Sources */ = {isa = PBXBuildFile; fileRef = B9828FC725D31A2F00DBAF7E /* MockedRepository.swift */; };
		B9828FDE25D3CCA000DBAF7E /* Certificates.swift in Sources */ = {isa = PBXBuildFile; fileRef = B9828FDD25D3CCA000DBAF7E /* Certificates.swift */; };
		B9828FE225D3CF2B00DBAF7E /* flickr.com.der in Resources */ = {isa = PBXBuildFile; fileRef = B9828FDC25D3CC8C00DBAF7E /* flickr.com.der */; };
		B9828FE725D3D55F00DBAF7E /* SecuredClient.swift in Sources */ = {isa = PBXBuildFile; fileRef = B9828FE625D3D55E00DBAF7E /* SecuredClient.swift */; };
		B9E2A86E25CEA3E400C99702 /* AppDelegate.swift in Sources */ = {isa = PBXBuildFile; fileRef = B9E2A86D25CEA3E400C99702 /* AppDelegate.swift */; };
		B9E2A87025CEA3E400C99702 /* SceneDelegate.swift in Sources */ = {isa = PBXBuildFile; fileRef = B9E2A86F25CEA3E400C99702 /* SceneDelegate.swift */; };
		B9E2A87225CEA3E400C99702 /* PhotosViewController.swift in Sources */ = {isa = PBXBuildFile; fileRef = B9E2A87125CEA3E400C99702 /* PhotosViewController.swift */; };
		B9E2A87525CEA3E500C99702 /* Main.storyboard in Resources */ = {isa = PBXBuildFile; fileRef = B9E2A87325CEA3E500C99702 /* Main.storyboard */; };
		B9E2A87825CEA3E500C99702 /* FlickrClient.xcdatamodeld in Sources */ = {isa = PBXBuildFile; fileRef = B9E2A87625CEA3E500C99702 /* FlickrClient.xcdatamodeld */; };
		B9E2A87A25CEA3E900C99702 /* Assets.xcassets in Resources */ = {isa = PBXBuildFile; fileRef = B9E2A87925CEA3E900C99702 /* Assets.xcassets */; };
		B9E2A87D25CEA3EB00C99702 /* LaunchScreen.storyboard in Resources */ = {isa = PBXBuildFile; fileRef = B9E2A87B25CEA3EB00C99702 /* LaunchScreen.storyboard */; };
		B9E2A88825CEA3EC00C99702 /* FlickrClientTests.swift in Sources */ = {isa = PBXBuildFile; fileRef = B9E2A88725CEA3EC00C99702 /* FlickrClientTests.swift */; };
		B9E2A89325CEA3EC00C99702 /* FlickrClientUITests.swift in Sources */ = {isa = PBXBuildFile; fileRef = B9E2A89225CEA3EC00C99702 /* FlickrClientUITests.swift */; };
		B9E2A8A825CEAFEF00C99702 /* APIClient.swift in Sources */ = {isa = PBXBuildFile; fileRef = B9E2A8A725CEAFEF00C99702 /* APIClient.swift */; };
		B9E2A8AD25CEBF2E00C99702 /* APIRouter.swift in Sources */ = {isa = PBXBuildFile; fileRef = B9E2A8AC25CEBF2E00C99702 /* APIRouter.swift */; };
		B9E2A8C925CECD2D00C99702 /* APIConfiguration.swift in Sources */ = {isa = PBXBuildFile; fileRef = B9E2A8C825CECD2D00C99702 /* APIConfiguration.swift */; };
		B9E2A8CE25CEDEAB00C99702 /* AppError.swift in Sources */ = {isa = PBXBuildFile; fileRef = B9E2A8CD25CEDEAB00C99702 /* AppError.swift */; };
		B9E2A8D625D0174500C99702 /* Photos.swift in Sources */ = {isa = PBXBuildFile; fileRef = B9E2A8D525D0174500C99702 /* Photos.swift */; };
		B9E2A8DB25D0175100C99702 /* Photo.swift in Sources */ = {isa = PBXBuildFile; fileRef = B9E2A8DA25D0175100C99702 /* Photo.swift */; };
		B9E2A8E425D02FE700C99702 /* PhotosViewModel.swift in Sources */ = {isa = PBXBuildFile; fileRef = B9E2A8E325D02FE700C99702 /* PhotosViewModel.swift */; };
		B9E2A8EC25D02FF600C99702 /* PhotosRepository.swift in Sources */ = {isa = PBXBuildFile; fileRef = B9E2A8EB25D02FF600C99702 /* PhotosRepository.swift */; };
		B9E759E925D081EE0035818B /* PhotoCollectionViewCell.swift in Sources */ = {isa = PBXBuildFile; fileRef = B9E759E725D081EE0035818B /* PhotoCollectionViewCell.swift */; };
		B9E759EA25D081EE0035818B /* PhotoCollectionViewCell.xib in Resources */ = {isa = PBXBuildFile; fileRef = B9E759E825D081EE0035818B /* PhotoCollectionViewCell.xib */; };
		B9E759FD25D086390035818B /* Reuse.swift in Sources */ = {isa = PBXBuildFile; fileRef = B9E759FC25D086390035818B /* Reuse.swift */; };
		B9E75A0A25D099BB0035818B /* UISearcBarExtensions.swift in Sources */ = {isa = PBXBuildFile; fileRef = B9E75A0925D099BB0035818B /* UISearcBarExtensions.swift */; };
		B9E75A1225D29B670035818B /* Sizes.swift in Sources */ = {isa = PBXBuildFile; fileRef = B9E75A1125D29B670035818B /* Sizes.swift */; };
		B9E75A1725D29BFB0035818B /* Size.swift in Sources */ = {isa = PBXBuildFile; fileRef = B9E75A1625D29BFB0035818B /* Size.swift */; };
		B9E75A1D25D2BFD60035818B /* SinglePhotoViewController.swift in Sources */ = {isa = PBXBuildFile; fileRef = B9E75A1B25D2BFD60035818B /* SinglePhotoViewController.swift */; };
		B9E75A1E25D2BFD60035818B /* SinglePhotoViewController.xib in Resources */ = {isa = PBXBuildFile; fileRef = B9E75A1C25D2BFD60035818B /* SinglePhotoViewController.xib */; };
		B9E75A2625D2C84A0035818B /* UIImageViewExtensions.swift in Sources */ = {isa = PBXBuildFile; fileRef = B9E75A2525D2C84A0035818B /* UIImageViewExtensions.swift */; };
		DA60F3EBEDFA6B1776E85199 /* Pods_FlickrClient.framework in Frameworks */ = {isa = PBXBuildFile; fileRef = 9F5C87F1DBC5CDFCCEA9AA40 /* Pods_FlickrClient.framework */; };
/* End PBXBuildFile section */

/* Begin PBXContainerItemProxy section */
		B9E2A88425CEA3EC00C99702 /* PBXContainerItemProxy */ = {
			isa = PBXContainerItemProxy;
			containerPortal = B9E2A86225CEA3E400C99702 /* Project object */;
			proxyType = 1;
			remoteGlobalIDString = B9E2A86925CEA3E400C99702;
			remoteInfo = FlickrClient;
		};
		B9E2A88F25CEA3EC00C99702 /* PBXContainerItemProxy */ = {
			isa = PBXContainerItemProxy;
			containerPortal = B9E2A86225CEA3E400C99702 /* Project object */;
			proxyType = 1;
			remoteGlobalIDString = B9E2A86925CEA3E400C99702;
			remoteInfo = FlickrClient;
		};
/* End PBXContainerItemProxy section */

/* Begin PBXFileReference section */
		1A0803BC5DCDEB5CC60B4B96 /* Pods-FlickrClientTests.release.xcconfig */ = {isa = PBXFileReference; includeInIndex = 1; lastKnownFileType = text.xcconfig; name = "Pods-FlickrClientTests.release.xcconfig"; path = "Target Support Files/Pods-FlickrClientTests/Pods-FlickrClientTests.release.xcconfig"; sourceTree = "<group>"; };
		29B598464D40DA00B4689EE3 /* Pods_FlickrClient_FlickrClientUITests.framework */ = {isa = PBXFileReference; explicitFileType = wrapper.framework; includeInIndex = 0; path = Pods_FlickrClient_FlickrClientUITests.framework; sourceTree = BUILT_PRODUCTS_DIR; };
		37368C4B77CB53A9885952EE /* Pods-FlickrClient.debug.xcconfig */ = {isa = PBXFileReference; includeInIndex = 1; lastKnownFileType = text.xcconfig; name = "Pods-FlickrClient.debug.xcconfig"; path = "Target Support Files/Pods-FlickrClient/Pods-FlickrClient.debug.xcconfig"; sourceTree = "<group>"; };
		3C60362EE382E9A98E94A7EE /* Pods-FlickrClientTests.debug.xcconfig */ = {isa = PBXFileReference; includeInIndex = 1; lastKnownFileType = text.xcconfig; name = "Pods-FlickrClientTests.debug.xcconfig"; path = "Target Support Files/Pods-FlickrClientTests/Pods-FlickrClientTests.debug.xcconfig"; sourceTree = "<group>"; };
		52B3E1FD45466DB1ABC0B3FA /* Pods-FlickrClient-FlickrClientUITests.release.xcconfig */ = {isa = PBXFileReference; includeInIndex = 1; lastKnownFileType = text.xcconfig; name = "Pods-FlickrClient-FlickrClientUITests.release.xcconfig"; path = "Target Support Files/Pods-FlickrClient-FlickrClientUITests/Pods-FlickrClient-FlickrClientUITests.release.xcconfig"; sourceTree = "<group>"; };
		9F5C87F1DBC5CDFCCEA9AA40 /* Pods_FlickrClient.framework */ = {isa = PBXFileReference; explicitFileType = wrapper.framework; includeInIndex = 0; path = Pods_FlickrClient.framework; sourceTree = BUILT_PRODUCTS_DIR; };
		A2F59F02327519E1886276DC /* Pods-FlickrClient.release.xcconfig */ = {isa = PBXFileReference; includeInIndex = 1; lastKnownFileType = text.xcconfig; name = "Pods-FlickrClient.release.xcconfig"; path = "Target Support Files/Pods-FlickrClient/Pods-FlickrClient.release.xcconfig"; sourceTree = "<group>"; };
		B1225900629BA50D4A438AEC /* Pods-FlickrClient-FlickrClientUITests.debug.xcconfig */ = {isa = PBXFileReference; includeInIndex = 1; lastKnownFileType = text.xcconfig; name = "Pods-FlickrClient-FlickrClientUITests.debug.xcconfig"; path = "Target Support Files/Pods-FlickrClient-FlickrClientUITests/Pods-FlickrClient-FlickrClientUITests.debug.xcconfig"; sourceTree = "<group>"; };
		B9828FC725D31A2F00DBAF7E /* MockedRepository.swift */ = {isa = PBXFileReference; lastKnownFileType = sourcecode.swift; path = MockedRepository.swift; sourceTree = "<group>"; };
		B9828FDC25D3CC8C00DBAF7E /* flickr.com.der */ = {isa = PBXFileReference; lastKnownFileType = file; path = flickr.com.der; sourceTree = "<group>"; };
		B9828FDD25D3CCA000DBAF7E /* Certificates.swift */ = {isa = PBXFileReference; lastKnownFileType = sourcecode.swift; path = Certificates.swift; sourceTree = "<group>"; };
		B9828FE625D3D55E00DBAF7E /* SecuredClient.swift */ = {isa = PBXFileReference; lastKnownFileType = sourcecode.swift; path = SecuredClient.swift; sourceTree = "<group>"; };
		B9C5F0CE4666854657F3BF3A /* Pods_FlickrClientTests.framework */ = {isa = PBXFileReference; explicitFileType = wrapper.framework; includeInIndex = 0; path = Pods_FlickrClientTests.framework; sourceTree = BUILT_PRODUCTS_DIR; };
		B9E2A86A25CEA3E400C99702 /* FlickrClient.app */ = {isa = PBXFileReference; explicitFileType = wrapper.application; includeInIndex = 0; path = FlickrClient.app; sourceTree = BUILT_PRODUCTS_DIR; };
		B9E2A86D25CEA3E400C99702 /* AppDelegate.swift */ = {isa = PBXFileReference; lastKnownFileType = sourcecode.swift; path = AppDelegate.swift; sourceTree = "<group>"; };
		B9E2A86F25CEA3E400C99702 /* SceneDelegate.swift */ = {isa = PBXFileReference; lastKnownFileType = sourcecode.swift; path = SceneDelegate.swift; sourceTree = "<group>"; };
		B9E2A87125CEA3E400C99702 /* PhotosViewController.swift */ = {isa = PBXFileReference; lastKnownFileType = sourcecode.swift; path = PhotosViewController.swift; sourceTree = "<group>"; };
		B9E2A87425CEA3E500C99702 /* Base */ = {isa = PBXFileReference; lastKnownFileType = file.storyboard; name = Base; path = Base.lproj/Main.storyboard; sourceTree = "<group>"; };
		B9E2A87725CEA3E500C99702 /* FlickrClient.xcdatamodel */ = {isa = PBXFileReference; lastKnownFileType = wrapper.xcdatamodel; path = FlickrClient.xcdatamodel; sourceTree = "<group>"; };
		B9E2A87925CEA3E900C99702 /* Assets.xcassets */ = {isa = PBXFileReference; lastKnownFileType = folder.assetcatalog; path = Assets.xcassets; sourceTree = "<group>"; };
		B9E2A87C25CEA3EB00C99702 /* Base */ = {isa = PBXFileReference; lastKnownFileType = file.storyboard; name = Base; path = Base.lproj/LaunchScreen.storyboard; sourceTree = "<group>"; };
		B9E2A87E25CEA3EB00C99702 /* Info.plist */ = {isa = PBXFileReference; lastKnownFileType = text.plist.xml; path = Info.plist; sourceTree = "<group>"; };
		B9E2A88325CEA3EB00C99702 /* FlickrClientTests.xctest */ = {isa = PBXFileReference; explicitFileType = wrapper.cfbundle; includeInIndex = 0; path = FlickrClientTests.xctest; sourceTree = BUILT_PRODUCTS_DIR; };
		B9E2A88725CEA3EC00C99702 /* FlickrClientTests.swift */ = {isa = PBXFileReference; lastKnownFileType = sourcecode.swift; path = FlickrClientTests.swift; sourceTree = "<group>"; };
		B9E2A88925CEA3EC00C99702 /* Info.plist */ = {isa = PBXFileReference; lastKnownFileType = text.plist.xml; path = Info.plist; sourceTree = "<group>"; };
		B9E2A88E25CEA3EC00C99702 /* FlickrClientUITests.xctest */ = {isa = PBXFileReference; explicitFileType = wrapper.cfbundle; includeInIndex = 0; path = FlickrClientUITests.xctest; sourceTree = BUILT_PRODUCTS_DIR; };
		B9E2A89225CEA3EC00C99702 /* FlickrClientUITests.swift */ = {isa = PBXFileReference; lastKnownFileType = sourcecode.swift; path = FlickrClientUITests.swift; sourceTree = "<group>"; };
		B9E2A89425CEA3EC00C99702 /* Info.plist */ = {isa = PBXFileReference; lastKnownFileType = text.plist.xml; path = Info.plist; sourceTree = "<group>"; };
		B9E2A8A725CEAFEF00C99702 /* APIClient.swift */ = {isa = PBXFileReference; lastKnownFileType = sourcecode.swift; path = APIClient.swift; sourceTree = "<group>"; };
		B9E2A8AC25CEBF2E00C99702 /* APIRouter.swift */ = {isa = PBXFileReference; lastKnownFileType = sourcecode.swift; path = APIRouter.swift; sourceTree = "<group>"; };
		B9E2A8C825CECD2D00C99702 /* APIConfiguration.swift */ = {isa = PBXFileReference; lastKnownFileType = sourcecode.swift; path = APIConfiguration.swift; sourceTree = "<group>"; };
		B9E2A8CD25CEDEAB00C99702 /* AppError.swift */ = {isa = PBXFileReference; lastKnownFileType = sourcecode.swift; path = AppError.swift; sourceTree = "<group>"; };
		B9E2A8D525D0174500C99702 /* Photos.swift */ = {isa = PBXFileReference; lastKnownFileType = sourcecode.swift; path = Photos.swift; sourceTree = "<group>"; };
		B9E2A8DA25D0175100C99702 /* Photo.swift */ = {isa = PBXFileReference; lastKnownFileType = sourcecode.swift; path = Photo.swift; sourceTree = "<group>"; };
		B9E2A8E325D02FE700C99702 /* PhotosViewModel.swift */ = {isa = PBXFileReference; lastKnownFileType = sourcecode.swift; path = PhotosViewModel.swift; sourceTree = "<group>"; };
		B9E2A8EB25D02FF600C99702 /* PhotosRepository.swift */ = {isa = PBXFileReference; lastKnownFileType = sourcecode.swift; path = PhotosRepository.swift; sourceTree = "<group>"; };
		B9E759E725D081EE0035818B /* PhotoCollectionViewCell.swift */ = {isa = PBXFileReference; lastKnownFileType = sourcecode.swift; path = PhotoCollectionViewCell.swift; sourceTree = "<group>"; };
		B9E759E825D081EE0035818B /* PhotoCollectionViewCell.xib */ = {isa = PBXFileReference; lastKnownFileType = file.xib; path = PhotoCollectionViewCell.xib; sourceTree = "<group>"; };
		B9E759FC25D086390035818B /* Reuse.swift */ = {isa = PBXFileReference; lastKnownFileType = sourcecode.swift; path = Reuse.swift; sourceTree = "<group>"; };
		B9E75A0925D099BB0035818B /* UISearcBarExtensions.swift */ = {isa = PBXFileReference; lastKnownFileType = sourcecode.swift; path = UISearcBarExtensions.swift; sourceTree = "<group>"; };
		B9E75A1125D29B670035818B /* Sizes.swift */ = {isa = PBXFileReference; lastKnownFileType = sourcecode.swift; path = Sizes.swift; sourceTree = "<group>"; };
		B9E75A1625D29BFB0035818B /* Size.swift */ = {isa = PBXFileReference; lastKnownFileType = sourcecode.swift; path = Size.swift; sourceTree = "<group>"; };
		B9E75A1B25D2BFD60035818B /* SinglePhotoViewController.swift */ = {isa = PBXFileReference; lastKnownFileType = sourcecode.swift; path = SinglePhotoViewController.swift; sourceTree = "<group>"; };
		B9E75A1C25D2BFD60035818B /* SinglePhotoViewController.xib */ = {isa = PBXFileReference; lastKnownFileType = file.xib; path = SinglePhotoViewController.xib; sourceTree = "<group>"; };
		B9E75A2525D2C84A0035818B /* UIImageViewExtensions.swift */ = {isa = PBXFileReference; lastKnownFileType = sourcecode.swift; path = UIImageViewExtensions.swift; sourceTree = "<group>"; };
/* End PBXFileReference section */

/* Begin PBXFrameworksBuildPhase section */
		B9E2A86725CEA3E400C99702 /* Frameworks */ = {
			isa = PBXFrameworksBuildPhase;
			buildActionMask = 2147483647;
			files = (
				DA60F3EBEDFA6B1776E85199 /* Pods_FlickrClient.framework in Frameworks */,
			);
			runOnlyForDeploymentPostprocessing = 0;
		};
		B9E2A88025CEA3EB00C99702 /* Frameworks */ = {
			isa = PBXFrameworksBuildPhase;
			buildActionMask = 2147483647;
			files = (
				476D9C95646CEB145997BC13 /* Pods_FlickrClientTests.framework in Frameworks */,
			);
			runOnlyForDeploymentPostprocessing = 0;
		};
		B9E2A88B25CEA3EC00C99702 /* Frameworks */ = {
			isa = PBXFrameworksBuildPhase;
			buildActionMask = 2147483647;
			files = (
				19BBBA0EEB59C2F8FA7FB802 /* Pods_FlickrClient_FlickrClientUITests.framework in Frameworks */,
			);
			runOnlyForDeploymentPostprocessing = 0;
		};
/* End PBXFrameworksBuildPhase section */

/* Begin PBXGroup section */
		86CA8D47F64B2F9290A3B5A7 /* Frameworks */ = {
			isa = PBXGroup;
			children = (
				9F5C87F1DBC5CDFCCEA9AA40 /* Pods_FlickrClient.framework */,
				29B598464D40DA00B4689EE3 /* Pods_FlickrClient_FlickrClientUITests.framework */,
				B9C5F0CE4666854657F3BF3A /* Pods_FlickrClientTests.framework */,
			);
			name = Frameworks;
			sourceTree = "<group>";
		};
		B9E2A86125CEA3E400C99702 = {
			isa = PBXGroup;
			children = (
				B9E2A86C25CEA3E400C99702 /* FlickrClient */,
				B9E2A88625CEA3EC00C99702 /* FlickrClientTests */,
				B9E2A89125CEA3EC00C99702 /* FlickrClientUITests */,
				B9E2A86B25CEA3E400C99702 /* Products */,
				C44604C774DDC2793B94E57A /* Pods */,
				86CA8D47F64B2F9290A3B5A7 /* Frameworks */,
			);
			sourceTree = "<group>";
		};
		B9E2A86B25CEA3E400C99702 /* Products */ = {
			isa = PBXGroup;
			children = (
				B9E2A86A25CEA3E400C99702 /* FlickrClient.app */,
				B9E2A88325CEA3EB00C99702 /* FlickrClientTests.xctest */,
				B9E2A88E25CEA3EC00C99702 /* FlickrClientUITests.xctest */,
			);
			name = Products;
			sourceTree = "<group>";
		};
		B9E2A86C25CEA3E400C99702 /* FlickrClient */ = {
			isa = PBXGroup;
			children = (
				B9E2A8A525CEA47900C99702 /* App */,
				B9E2A8E225D02FCF00C99702 /* Photos scene */,
				B9E2A8A425CEA47200C99702 /* Networking */,
				B9E2A8A325CEA46E00C99702 /* Models */,
				B9E75A0825D099A70035818B /* Extensions */,
				B9E759FB25D0862A0035818B /* Reuse */,
				B9E2A8A625CEA48E00C99702 /* Resources */,
				B9E2A87E25CEA3EB00C99702 /* Info.plist */,
				B9E2A87625CEA3E500C99702 /* FlickrClient.xcdatamodeld */,
			);
			path = FlickrClient;
			sourceTree = "<group>";
		};
		B9E2A88625CEA3EC00C99702 /* FlickrClientTests */ = {
			isa = PBXGroup;
			children = (
				B9E2A88725CEA3EC00C99702 /* FlickrClientTests.swift */,
				B9828FC725D31A2F00DBAF7E /* MockedRepository.swift */,
				B9E2A88925CEA3EC00C99702 /* Info.plist */,
			);
			path = FlickrClientTests;
			sourceTree = "<group>";
		};
		B9E2A89125CEA3EC00C99702 /* FlickrClientUITests */ = {
			isa = PBXGroup;
			children = (
				B9E2A89225CEA3EC00C99702 /* FlickrClientUITests.swift */,
				B9E2A89425CEA3EC00C99702 /* Info.plist */,
			);
			path = FlickrClientUITests;
			sourceTree = "<group>";
		};
		B9E2A8A325CEA46E00C99702 /* Models */ = {
			isa = PBXGroup;
			children = (
				B9E2A8CD25CEDEAB00C99702 /* AppError.swift */,
				B9E2A8D525D0174500C99702 /* Photos.swift */,
				B9E2A8DA25D0175100C99702 /* Photo.swift */,
				B9E75A1125D29B670035818B /* Sizes.swift */,
				B9E75A1625D29BFB0035818B /* Size.swift */,
			);
			path = Models;
			sourceTree = "<group>";
		};
		B9E2A8A425CEA47200C99702 /* Networking */ = {
			isa = PBXGroup;
			children = (
				B9E2A8A725CEAFEF00C99702 /* APIClient.swift */,
				B9E2A8AC25CEBF2E00C99702 /* APIRouter.swift */,
				B9E2A8C825CECD2D00C99702 /* APIConfiguration.swift */,
				B9828FE625D3D55E00DBAF7E /* SecuredClient.swift */,
				B9828FDD25D3CCA000DBAF7E /* Certificates.swift */,
			);
			path = Networking;
			sourceTree = "<group>";
		};
		B9E2A8A525CEA47900C99702 /* App */ = {
			isa = PBXGroup;
			children = (
				B9E2A86D25CEA3E400C99702 /* AppDelegate.swift */,
				B9E2A86F25CEA3E400C99702 /* SceneDelegate.swift */,
			);
			path = App;
			sourceTree = "<group>";
		};
		B9E2A8A625CEA48E00C99702 /* Resources */ = {
			isa = PBXGroup;
			children = (
				B9E2A87B25CEA3EB00C99702 /* LaunchScreen.storyboard */,
				B9E2A87925CEA3E900C99702 /* Assets.xcassets */,
				B9828FDC25D3CC8C00DBAF7E /* flickr.com.der */,
			);
			path = Resources;
			sourceTree = "<group>";
		};
		B9E2A8E225D02FCF00C99702 /* Photos scene */ = {
			isa = PBXGroup;
			children = (
				B9E2A87125CEA3E400C99702 /* PhotosViewController.swift */,
				B9E2A8E325D02FE700C99702 /* PhotosViewModel.swift */,
				B9E2A8EB25D02FF600C99702 /* PhotosRepository.swift */,
				B9E2A87325CEA3E500C99702 /* Main.storyboard */,
				B9E759DB25D081810035818B /* Cells */,
				B9E75A2A25D2C8860035818B /* Single Photo View */,
			);
			path = "Photos scene";
			sourceTree = "<group>";
		};
		B9E759DB25D081810035818B /* Cells */ = {
			isa = PBXGroup;
			children = (
				B9E759E725D081EE0035818B /* PhotoCollectionViewCell.swift */,
				B9E759E825D081EE0035818B /* PhotoCollectionViewCell.xib */,
			);
			path = Cells;
			sourceTree = "<group>";
		};
		B9E759FB25D0862A0035818B /* Reuse */ = {
			isa = PBXGroup;
			children = (
				B9E759FC25D086390035818B /* Reuse.swift */,
			);
			path = Reuse;
			sourceTree = "<group>";
		};
		B9E75A0825D099A70035818B /* Extensions */ = {
			isa = PBXGroup;
			children = (
				B9E75A0925D099BB0035818B /* UISearcBarExtensions.swift */,
				B9E75A2525D2C84A0035818B /* UIImageViewExtensions.swift */,
			);
			path = Extensions;
			sourceTree = "<group>";
		};
		B9E75A2A25D2C8860035818B /* Single Photo View */ = {
			isa = PBXGroup;
			children = (
				B9E75A1C25D2BFD60035818B /* SinglePhotoViewController.xib */,
				B9E75A1B25D2BFD60035818B /* SinglePhotoViewController.swift */,
			);
			path = "Single Photo View";
			sourceTree = "<group>";
		};
		C44604C774DDC2793B94E57A /* Pods */ = {
			isa = PBXGroup;
			children = (
				37368C4B77CB53A9885952EE /* Pods-FlickrClient.debug.xcconfig */,
				A2F59F02327519E1886276DC /* Pods-FlickrClient.release.xcconfig */,
				B1225900629BA50D4A438AEC /* Pods-FlickrClient-FlickrClientUITests.debug.xcconfig */,
				52B3E1FD45466DB1ABC0B3FA /* Pods-FlickrClient-FlickrClientUITests.release.xcconfig */,
				3C60362EE382E9A98E94A7EE /* Pods-FlickrClientTests.debug.xcconfig */,
				1A0803BC5DCDEB5CC60B4B96 /* Pods-FlickrClientTests.release.xcconfig */,
			);
			path = Pods;
			sourceTree = "<group>";
		};
/* End PBXGroup section */

/* Begin PBXNativeTarget section */
		B9E2A86925CEA3E400C99702 /* FlickrClient */ = {
			isa = PBXNativeTarget;
			buildConfigurationList = B9E2A89725CEA3EC00C99702 /* Build configuration list for PBXNativeTarget "FlickrClient" */;
			buildPhases = (
				9EE4F8B7452943DDB8A8F3E9 /* [CP] Check Pods Manifest.lock */,
				B9E2A86625CEA3E400C99702 /* Sources */,
				B9E2A86725CEA3E400C99702 /* Frameworks */,
				B9E2A86825CEA3E400C99702 /* Resources */,
				CFF656D4CD62275B23270EDD /* [CP] Embed Pods Frameworks */,
			);
			buildRules = (
			);
			dependencies = (
			);
			name = FlickrClient;
			productName = FlickrClient;
			productReference = B9E2A86A25CEA3E400C99702 /* FlickrClient.app */;
			productType = "com.apple.product-type.application";
		};
		B9E2A88225CEA3EB00C99702 /* FlickrClientTests */ = {
			isa = PBXNativeTarget;
			buildConfigurationList = B9E2A89A25CEA3EC00C99702 /* Build configuration list for PBXNativeTarget "FlickrClientTests" */;
			buildPhases = (
				FC9BEA73A41170DD1FB566F2 /* [CP] Check Pods Manifest.lock */,
				B9E2A87F25CEA3EB00C99702 /* Sources */,
				B9E2A88025CEA3EB00C99702 /* Frameworks */,
				B9E2A88125CEA3EB00C99702 /* Resources */,
			);
			buildRules = (
			);
			dependencies = (
				B9E2A88525CEA3EC00C99702 /* PBXTargetDependency */,
			);
			name = FlickrClientTests;
			productName = FlickrClientTests;
			productReference = B9E2A88325CEA3EB00C99702 /* FlickrClientTests.xctest */;
			productType = "com.apple.product-type.bundle.unit-test";
		};
		B9E2A88D25CEA3EC00C99702 /* FlickrClientUITests */ = {
			isa = PBXNativeTarget;
			buildConfigurationList = B9E2A89D25CEA3EC00C99702 /* Build configuration list for PBXNativeTarget "FlickrClientUITests" */;
			buildPhases = (
				410518AB03134D27764CC732 /* [CP] Check Pods Manifest.lock */,
				B9E2A88A25CEA3EC00C99702 /* Sources */,
				B9E2A88B25CEA3EC00C99702 /* Frameworks */,
				B9E2A88C25CEA3EC00C99702 /* Resources */,
				FE1AEABC87D67C8F908150C4 /* [CP] Embed Pods Frameworks */,
			);
			buildRules = (
			);
			dependencies = (
				B9E2A89025CEA3EC00C99702 /* PBXTargetDependency */,
			);
			name = FlickrClientUITests;
			productName = FlickrClientUITests;
			productReference = B9E2A88E25CEA3EC00C99702 /* FlickrClientUITests.xctest */;
			productType = "com.apple.product-type.bundle.ui-testing";
		};
/* End PBXNativeTarget section */

/* Begin PBXProject section */
		B9E2A86225CEA3E400C99702 /* Project object */ = {
			isa = PBXProject;
			attributes = {
				LastSwiftUpdateCheck = 1210;
				LastUpgradeCheck = 1210;
				TargetAttributes = {
					B9E2A86925CEA3E400C99702 = {
						CreatedOnToolsVersion = 12.1;
					};
					B9E2A88225CEA3EB00C99702 = {
						CreatedOnToolsVersion = 12.1;
						TestTargetID = B9E2A86925CEA3E400C99702;
					};
					B9E2A88D25CEA3EC00C99702 = {
						CreatedOnToolsVersion = 12.1;
						TestTargetID = B9E2A86925CEA3E400C99702;
					};
				};
			};
			buildConfigurationList = B9E2A86525CEA3E400C99702 /* Build configuration list for PBXProject "FlickrClient" */;
			compatibilityVersion = "Xcode 9.3";
			developmentRegion = en;
			hasScannedForEncodings = 0;
			knownRegions = (
				en,
				Base,
			);
			mainGroup = B9E2A86125CEA3E400C99702;
			productRefGroup = B9E2A86B25CEA3E400C99702 /* Products */;
			projectDirPath = "";
			projectRoot = "";
			targets = (
				B9E2A86925CEA3E400C99702 /* FlickrClient */,
				B9E2A88225CEA3EB00C99702 /* FlickrClientTests */,
				B9E2A88D25CEA3EC00C99702 /* FlickrClientUITests */,
			);
		};
/* End PBXProject section */

/* Begin PBXResourcesBuildPhase section */
		B9E2A86825CEA3E400C99702 /* Resources */ = {
			isa = PBXResourcesBuildPhase;
			buildActionMask = 2147483647;
			files = (
				B9E75A1E25D2BFD60035818B /* SinglePhotoViewController.xib in Resources */,
				B9E2A87D25CEA3EB00C99702 /* LaunchScreen.storyboard in Resources */,
				B9E759EA25D081EE0035818B /* PhotoCollectionViewCell.xib in Resources */,
				B9E2A87A25CEA3E900C99702 /* Assets.xcassets in Resources */,
				B9E2A87525CEA3E500C99702 /* Main.storyboard in Resources */,
				B9828FE225D3CF2B00DBAF7E /* flickr.com.der in Resources */,
			);
			runOnlyForDeploymentPostprocessing = 0;
		};
		B9E2A88125CEA3EB00C99702 /* Resources */ = {
			isa = PBXResourcesBuildPhase;
			buildActionMask = 2147483647;
			files = (
			);
			runOnlyForDeploymentPostprocessing = 0;
		};
		B9E2A88C25CEA3EC00C99702 /* Resources */ = {
			isa = PBXResourcesBuildPhase;
			buildActionMask = 2147483647;
			files = (
			);
			runOnlyForDeploymentPostprocessing = 0;
		};
/* End PBXResourcesBuildPhase section */

/* Begin PBXShellScriptBuildPhase section */
		410518AB03134D27764CC732 /* [CP] Check Pods Manifest.lock */ = {
			isa = PBXShellScriptBuildPhase;
			buildActionMask = 2147483647;
			files = (
			);
			inputFileListPaths = (
			);
			inputPaths = (
				"${PODS_PODFILE_DIR_PATH}/Podfile.lock",
				"${PODS_ROOT}/Manifest.lock",
			);
			name = "[CP] Check Pods Manifest.lock";
			outputFileListPaths = (
			);
			outputPaths = (
				"$(DERIVED_FILE_DIR)/Pods-FlickrClient-FlickrClientUITests-checkManifestLockResult.txt",
			);
			runOnlyForDeploymentPostprocessing = 0;
			shellPath = /bin/sh;
			shellScript = "diff \"${PODS_PODFILE_DIR_PATH}/Podfile.lock\" \"${PODS_ROOT}/Manifest.lock\" > /dev/null\nif [ $? != 0 ] ; then\n    # print error to STDERR\n    echo \"error: The sandbox is not in sync with the Podfile.lock. Run 'pod install' or update your CocoaPods installation.\" >&2\n    exit 1\nfi\n# This output is used by Xcode 'outputs' to avoid re-running this script phase.\necho \"SUCCESS\" > \"${SCRIPT_OUTPUT_FILE_0}\"\n";
			showEnvVarsInLog = 0;
		};
		9EE4F8B7452943DDB8A8F3E9 /* [CP] Check Pods Manifest.lock */ = {
			isa = PBXShellScriptBuildPhase;
			buildActionMask = 2147483647;
			files = (
			);
			inputFileListPaths = (
			);
			inputPaths = (
				"${PODS_PODFILE_DIR_PATH}/Podfile.lock",
				"${PODS_ROOT}/Manifest.lock",
			);
			name = "[CP] Check Pods Manifest.lock";
			outputFileListPaths = (
			);
			outputPaths = (
				"$(DERIVED_FILE_DIR)/Pods-FlickrClient-checkManifestLockResult.txt",
			);
			runOnlyForDeploymentPostprocessing = 0;
			shellPath = /bin/sh;
			shellScript = "diff \"${PODS_PODFILE_DIR_PATH}/Podfile.lock\" \"${PODS_ROOT}/Manifest.lock\" > /dev/null\nif [ $? != 0 ] ; then\n    # print error to STDERR\n    echo \"error: The sandbox is not in sync with the Podfile.lock. Run 'pod install' or update your CocoaPods installation.\" >&2\n    exit 1\nfi\n# This output is used by Xcode 'outputs' to avoid re-running this script phase.\necho \"SUCCESS\" > \"${SCRIPT_OUTPUT_FILE_0}\"\n";
			showEnvVarsInLog = 0;
		};
		CFF656D4CD62275B23270EDD /* [CP] Embed Pods Frameworks */ = {
			isa = PBXShellScriptBuildPhase;
			buildActionMask = 2147483647;
			files = (
			);
			inputFileListPaths = (
				"${PODS_ROOT}/Target Support Files/Pods-FlickrClient/Pods-FlickrClient-frameworks-${CONFIGURATION}-input-files.xcfilelist",
			);
			name = "[CP] Embed Pods Frameworks";
			outputFileListPaths = (
				"${PODS_ROOT}/Target Support Files/Pods-FlickrClient/Pods-FlickrClient-frameworks-${CONFIGURATION}-output-files.xcfilelist",
			);
			runOnlyForDeploymentPostprocessing = 0;
			shellPath = /bin/sh;
			shellScript = "\"${PODS_ROOT}/Target Support Files/Pods-FlickrClient/Pods-FlickrClient-frameworks.sh\"\n";
			showEnvVarsInLog = 0;
		};
		FC9BEA73A41170DD1FB566F2 /* [CP] Check Pods Manifest.lock */ = {
			isa = PBXShellScriptBuildPhase;
			buildActionMask = 2147483647;
			files = (
			);
			inputFileListPaths = (
			);
			inputPaths = (
				"${PODS_PODFILE_DIR_PATH}/Podfile.lock",
				"${PODS_ROOT}/Manifest.lock",
			);
			name = "[CP] Check Pods Manifest.lock";
			outputFileListPaths = (
			);
			outputPaths = (
				"$(DERIVED_FILE_DIR)/Pods-FlickrClientTests-checkManifestLockResult.txt",
			);
			runOnlyForDeploymentPostprocessing = 0;
			shellPath = /bin/sh;
			shellScript = "diff \"${PODS_PODFILE_DIR_PATH}/Podfile.lock\" \"${PODS_ROOT}/Manifest.lock\" > /dev/null\nif [ $? != 0 ] ; then\n    # print error to STDERR\n    echo \"error: The sandbox is not in sync with the Podfile.lock. Run 'pod install' or update your CocoaPods installation.\" >&2\n    exit 1\nfi\n# This output is used by Xcode 'outputs' to avoid re-running this script phase.\necho \"SUCCESS\" > \"${SCRIPT_OUTPUT_FILE_0}\"\n";
			showEnvVarsInLog = 0;
		};
		FE1AEABC87D67C8F908150C4 /* [CP] Embed Pods Frameworks */ = {
			isa = PBXShellScriptBuildPhase;
			buildActionMask = 2147483647;
			files = (
			);
			inputFileListPaths = (
				"${PODS_ROOT}/Target Support Files/Pods-FlickrClient-FlickrClientUITests/Pods-FlickrClient-FlickrClientUITests-frameworks-${CONFIGURATION}-input-files.xcfilelist",
			);
			name = "[CP] Embed Pods Frameworks";
			outputFileListPaths = (
				"${PODS_ROOT}/Target Support Files/Pods-FlickrClient-FlickrClientUITests/Pods-FlickrClient-FlickrClientUITests-frameworks-${CONFIGURATION}-output-files.xcfilelist",
			);
			runOnlyForDeploymentPostprocessing = 0;
			shellPath = /bin/sh;
			shellScript = "\"${PODS_ROOT}/Target Support Files/Pods-FlickrClient-FlickrClientUITests/Pods-FlickrClient-FlickrClientUITests-frameworks.sh\"\n";
			showEnvVarsInLog = 0;
		};
/* End PBXShellScriptBuildPhase section */

/* Begin PBXSourcesBuildPhase section */
		B9E2A86625CEA3E400C99702 /* Sources */ = {
			isa = PBXSourcesBuildPhase;
			buildActionMask = 2147483647;
			files = (
				B9E75A2625D2C84A0035818B /* UIImageViewExtensions.swift in Sources */,
				B9E2A8D625D0174500C99702 /* Photos.swift in Sources */,
				B9E759E925D081EE0035818B /* PhotoCollectionViewCell.swift in Sources */,
				B9E2A87225CEA3E400C99702 /* PhotosViewController.swift in Sources */,
				B9E2A8EC25D02FF600C99702 /* PhotosRepository.swift in Sources */,
				B9828FE725D3D55F00DBAF7E /* SecuredClient.swift in Sources */,
				B9E75A1725D29BFB0035818B /* Size.swift in Sources */,
				B9E75A1225D29B670035818B /* Sizes.swift in Sources */,
				B9E2A8E425D02FE700C99702 /* PhotosViewModel.swift in Sources */,
				B9E2A8AD25CEBF2E00C99702 /* APIRouter.swift in Sources */,
				B9E75A0A25D099BB0035818B /* UISearcBarExtensions.swift in Sources */,
				B9E2A86E25CEA3E400C99702 /* AppDelegate.swift in Sources */,
				B9828FDE25D3CCA000DBAF7E /* Certificates.swift in Sources */,
				B9E2A8DB25D0175100C99702 /* Photo.swift in Sources */,
				B9E2A87025CEA3E400C99702 /* SceneDelegate.swift in Sources */,
				B9E2A8CE25CEDEAB00C99702 /* AppError.swift in Sources */,
				B9E75A1D25D2BFD60035818B /* SinglePhotoViewController.swift in Sources */,
				B9E759FD25D086390035818B /* Reuse.swift in Sources */,
				B9E2A8A825CEAFEF00C99702 /* APIClient.swift in Sources */,
				B9E2A8C925CECD2D00C99702 /* APIConfiguration.swift in Sources */,
				B9E2A87825CEA3E500C99702 /* FlickrClient.xcdatamodeld in Sources */,
			);
			runOnlyForDeploymentPostprocessing = 0;
		};
		B9E2A87F25CEA3EB00C99702 /* Sources */ = {
			isa = PBXSourcesBuildPhase;
			buildActionMask = 2147483647;
			files = (
				B9828FC825D31A2F00DBAF7E /* MockedRepository.swift in Sources */,
				B9E2A88825CEA3EC00C99702 /* FlickrClientTests.swift in Sources */,
			);
			runOnlyForDeploymentPostprocessing = 0;
		};
		B9E2A88A25CEA3EC00C99702 /* Sources */ = {
			isa = PBXSourcesBuildPhase;
			buildActionMask = 2147483647;
			files = (
				B9E2A89325CEA3EC00C99702 /* FlickrClientUITests.swift in Sources */,
			);
			runOnlyForDeploymentPostprocessing = 0;
		};
/* End PBXSourcesBuildPhase section */

/* Begin PBXTargetDependency section */
		B9E2A88525CEA3EC00C99702 /* PBXTargetDependency */ = {
			isa = PBXTargetDependency;
			target = B9E2A86925CEA3E400C99702 /* FlickrClient */;
			targetProxy = B9E2A88425CEA3EC00C99702 /* PBXContainerItemProxy */;
		};
		B9E2A89025CEA3EC00C99702 /* PBXTargetDependency */ = {
			isa = PBXTargetDependency;
			target = B9E2A86925CEA3E400C99702 /* FlickrClient */;
			targetProxy = B9E2A88F25CEA3EC00C99702 /* PBXContainerItemProxy */;
		};
/* End PBXTargetDependency section */

/* Begin PBXVariantGroup section */
		B9E2A87325CEA3E500C99702 /* Main.storyboard */ = {
			isa = PBXVariantGroup;
			children = (
				B9E2A87425CEA3E500C99702 /* Base */,
			);
			name = Main.storyboard;
			sourceTree = "<group>";
		};
		B9E2A87B25CEA3EB00C99702 /* LaunchScreen.storyboard */ = {
			isa = PBXVariantGroup;
			children = (
				B9E2A87C25CEA3EB00C99702 /* Base */,
			);
			name = LaunchScreen.storyboard;
			sourceTree = "<group>";
		};
/* End PBXVariantGroup section */

/* Begin XCBuildConfiguration section */
		B9E2A89525CEA3EC00C99702 /* Debug */ = {
			isa = XCBuildConfiguration;
			buildSettings = {
				ALWAYS_SEARCH_USER_PATHS = NO;
				CLANG_ANALYZER_NONNULL = YES;
				CLANG_ANALYZER_NUMBER_OBJECT_CONVERSION = YES_AGGRESSIVE;
				CLANG_CXX_LANGUAGE_STANDARD = "gnu++14";
				CLANG_CXX_LIBRARY = "libc++";
				CLANG_ENABLE_MODULES = YES;
				CLANG_ENABLE_OBJC_ARC = YES;
				CLANG_ENABLE_OBJC_WEAK = YES;
				CLANG_WARN_BLOCK_CAPTURE_AUTORELEASING = YES;
				CLANG_WARN_BOOL_CONVERSION = YES;
				CLANG_WARN_COMMA = YES;
				CLANG_WARN_CONSTANT_CONVERSION = YES;
				CLANG_WARN_DEPRECATED_OBJC_IMPLEMENTATIONS = YES;
				CLANG_WARN_DIRECT_OBJC_ISA_USAGE = YES_ERROR;
				CLANG_WARN_DOCUMENTATION_COMMENTS = YES;
				CLANG_WARN_EMPTY_BODY = YES;
				CLANG_WARN_ENUM_CONVERSION = YES;
				CLANG_WARN_INFINITE_RECURSION = YES;
				CLANG_WARN_INT_CONVERSION = YES;
				CLANG_WARN_NON_LITERAL_NULL_CONVERSION = YES;
				CLANG_WARN_OBJC_IMPLICIT_RETAIN_SELF = YES;
				CLANG_WARN_OBJC_LITERAL_CONVERSION = YES;
				CLANG_WARN_OBJC_ROOT_CLASS = YES_ERROR;
				CLANG_WARN_QUOTED_INCLUDE_IN_FRAMEWORK_HEADER = YES;
				CLANG_WARN_RANGE_LOOP_ANALYSIS = YES;
				CLANG_WARN_STRICT_PROTOTYPES = YES;
				CLANG_WARN_SUSPICIOUS_MOVE = YES;
				CLANG_WARN_UNGUARDED_AVAILABILITY = YES_AGGRESSIVE;
				CLANG_WARN_UNREACHABLE_CODE = YES;
				CLANG_WARN__DUPLICATE_METHOD_MATCH = YES;
				COPY_PHASE_STRIP = NO;
				DEBUG_INFORMATION_FORMAT = dwarf;
				ENABLE_STRICT_OBJC_MSGSEND = YES;
				ENABLE_TESTABILITY = YES;
				GCC_C_LANGUAGE_STANDARD = gnu11;
				GCC_DYNAMIC_NO_PIC = NO;
				GCC_NO_COMMON_BLOCKS = YES;
				GCC_OPTIMIZATION_LEVEL = 0;
				GCC_PREPROCESSOR_DEFINITIONS = (
					"DEBUG=1",
					"$(inherited)",
				);
				GCC_WARN_64_TO_32_BIT_CONVERSION = YES;
				GCC_WARN_ABOUT_RETURN_TYPE = YES_ERROR;
				GCC_WARN_UNDECLARED_SELECTOR = YES;
				GCC_WARN_UNINITIALIZED_AUTOS = YES_AGGRESSIVE;
				GCC_WARN_UNUSED_FUNCTION = YES;
				GCC_WARN_UNUSED_VARIABLE = YES;
				IPHONEOS_DEPLOYMENT_TARGET = 14.1;
				MTL_ENABLE_DEBUG_INFO = INCLUDE_SOURCE;
				MTL_FAST_MATH = YES;
				ONLY_ACTIVE_ARCH = YES;
				SDKROOT = iphoneos;
				SWIFT_ACTIVE_COMPILATION_CONDITIONS = DEBUG;
				SWIFT_OPTIMIZATION_LEVEL = "-Onone";
			};
			name = Debug;
		};
		B9E2A89625CEA3EC00C99702 /* Release */ = {
			isa = XCBuildConfiguration;
			buildSettings = {
				ALWAYS_SEARCH_USER_PATHS = NO;
				CLANG_ANALYZER_NONNULL = YES;
				CLANG_ANALYZER_NUMBER_OBJECT_CONVERSION = YES_AGGRESSIVE;
				CLANG_CXX_LANGUAGE_STANDARD = "gnu++14";
				CLANG_CXX_LIBRARY = "libc++";
				CLANG_ENABLE_MODULES = YES;
				CLANG_ENABLE_OBJC_ARC = YES;
				CLANG_ENABLE_OBJC_WEAK = YES;
				CLANG_WARN_BLOCK_CAPTURE_AUTORELEASING = YES;
				CLANG_WARN_BOOL_CONVERSION = YES;
				CLANG_WARN_COMMA = YES;
				CLANG_WARN_CONSTANT_CONVERSION = YES;
				CLANG_WARN_DEPRECATED_OBJC_IMPLEMENTATIONS = YES;
				CLANG_WARN_DIRECT_OBJC_ISA_USAGE = YES_ERROR;
				CLANG_WARN_DOCUMENTATION_COMMENTS = YES;
				CLANG_WARN_EMPTY_BODY = YES;
				CLANG_WARN_ENUM_CONVERSION = YES;
				CLANG_WARN_INFINITE_RECURSION = YES;
				CLANG_WARN_INT_CONVERSION = YES;
				CLANG_WARN_NON_LITERAL_NULL_CONVERSION = YES;
				CLANG_WARN_OBJC_IMPLICIT_RETAIN_SELF = YES;
				CLANG_WARN_OBJC_LITERAL_CONVERSION = YES;
				CLANG_WARN_OBJC_ROOT_CLASS = YES_ERROR;
				CLANG_WARN_QUOTED_INCLUDE_IN_FRAMEWORK_HEADER = YES;
				CLANG_WARN_RANGE_LOOP_ANALYSIS = YES;
				CLANG_WARN_STRICT_PROTOTYPES = YES;
				CLANG_WARN_SUSPICIOUS_MOVE = YES;
				CLANG_WARN_UNGUARDED_AVAILABILITY = YES_AGGRESSIVE;
				CLANG_WARN_UNREACHABLE_CODE = YES;
				CLANG_WARN__DUPLICATE_METHOD_MATCH = YES;
				COPY_PHASE_STRIP = NO;
				DEBUG_INFORMATION_FORMAT = "dwarf-with-dsym";
				ENABLE_NS_ASSERTIONS = NO;
				ENABLE_STRICT_OBJC_MSGSEND = YES;
				GCC_C_LANGUAGE_STANDARD = gnu11;
				GCC_NO_COMMON_BLOCKS = YES;
				GCC_WARN_64_TO_32_BIT_CONVERSION = YES;
				GCC_WARN_ABOUT_RETURN_TYPE = YES_ERROR;
				GCC_WARN_UNDECLARED_SELECTOR = YES;
				GCC_WARN_UNINITIALIZED_AUTOS = YES_AGGRESSIVE;
				GCC_WARN_UNUSED_FUNCTION = YES;
				GCC_WARN_UNUSED_VARIABLE = YES;
				IPHONEOS_DEPLOYMENT_TARGET = 14.1;
				MTL_ENABLE_DEBUG_INFO = NO;
				MTL_FAST_MATH = YES;
				SDKROOT = iphoneos;
				SWIFT_COMPILATION_MODE = wholemodule;
				SWIFT_OPTIMIZATION_LEVEL = "-O";
				VALIDATE_PRODUCT = YES;
			};
			name = Release;
		};
		B9E2A89825CEA3EC00C99702 /* Debug */ = {
			isa = XCBuildConfiguration;
			baseConfigurationReference = 37368C4B77CB53A9885952EE /* Pods-FlickrClient.debug.xcconfig */;
			buildSettings = {
				ASSETCATALOG_COMPILER_APPICON_NAME = AppIcon;
				ASSETCATALOG_COMPILER_GLOBAL_ACCENT_COLOR_NAME = AccentColor;
				CODE_SIGN_STYLE = Automatic;
				DEVELOPMENT_TEAM = W46666GWCL;
				INFOPLIST_FILE = FlickrClient/Info.plist;
				LD_RUNPATH_SEARCH_PATHS = (
					"$(inherited)",
					"@executable_path/Frameworks",
				);
				PRODUCT_BUNDLE_IDENTIFIER = lrogean.com.FlickrClient;
				PRODUCT_NAME = "$(TARGET_NAME)";
				SWIFT_VERSION = 5.0;
				TARGETED_DEVICE_FAMILY = "1,2";
			};
			name = Debug;
		};
		B9E2A89925CEA3EC00C99702 /* Release */ = {
			isa = XCBuildConfiguration;
			baseConfigurationReference = A2F59F02327519E1886276DC /* Pods-FlickrClient.release.xcconfig */;
			buildSettings = {
				ASSETCATALOG_COMPILER_APPICON_NAME = AppIcon;
				ASSETCATALOG_COMPILER_GLOBAL_ACCENT_COLOR_NAME = AccentColor;
				CODE_SIGN_STYLE = Automatic;
				DEVELOPMENT_TEAM = W46666GWCL;
				INFOPLIST_FILE = FlickrClient/Info.plist;
				LD_RUNPATH_SEARCH_PATHS = (
					"$(inherited)",
					"@executable_path/Frameworks",
				);
				PRODUCT_BUNDLE_IDENTIFIER = lrogean.com.FlickrClient;
				PRODUCT_NAME = "$(TARGET_NAME)";
				SWIFT_VERSION = 5.0;
				TARGETED_DEVICE_FAMILY = "1,2";
			};
			name = Release;
		};
		B9E2A89B25CEA3EC00C99702 /* Debug */ = {
			isa = XCBuildConfiguration;
			baseConfigurationReference = 3C60362EE382E9A98E94A7EE /* Pods-FlickrClientTests.debug.xcconfig */;
			buildSettings = {
				ALWAYS_EMBED_SWIFT_STANDARD_LIBRARIES = YES;
				BUNDLE_LOADER = "$(TEST_HOST)";
				CODE_SIGN_STYLE = Automatic;
				DEVELOPMENT_TEAM = W46666GWCL;
				INFOPLIST_FILE = FlickrClientTests/Info.plist;
				IPHONEOS_DEPLOYMENT_TARGET = 14.1;
				LD_RUNPATH_SEARCH_PATHS = (
					"$(inherited)",
					"@executable_path/Frameworks",
					"@loader_path/Frameworks",
				);
				PRODUCT_BUNDLE_IDENTIFIER = lrogean.com.FlickrClientTests;
				PRODUCT_NAME = "$(TARGET_NAME)";
				SWIFT_VERSION = 5.0;
				TARGETED_DEVICE_FAMILY = "1,2";
				TEST_HOST = "$(BUILT_PRODUCTS_DIR)/FlickrClient.app/FlickrClient";
			};
			name = Debug;
		};
		B9E2A89C25CEA3EC00C99702 /* Release */ = {
			isa = XCBuildConfiguration;
			baseConfigurationReference = 1A0803BC5DCDEB5CC60B4B96 /* Pods-FlickrClientTests.release.xcconfig */;
			buildSettings = {
				ALWAYS_EMBED_SWIFT_STANDARD_LIBRARIES = YES;
				BUNDLE_LOADER = "$(TEST_HOST)";
				CODE_SIGN_STYLE = Automatic;
				DEVELOPMENT_TEAM = W46666GWCL;
				INFOPLIST_FILE = FlickrClientTests/Info.plist;
				IPHONEOS_DEPLOYMENT_TARGET = 14.1;
				LD_RUNPATH_SEARCH_PATHS = (
					"$(inherited)",
					"@executable_path/Frameworks",
					"@loader_path/Frameworks",
				);
				PRODUCT_BUNDLE_IDENTIFIER = lrogean.com.FlickrClientTests;
				PRODUCT_NAME = "$(TARGET_NAME)";
				SWIFT_VERSION = 5.0;
				TARGETED_DEVICE_FAMILY = "1,2";
				TEST_HOST = "$(BUILT_PRODUCTS_DIR)/FlickrClient.app/FlickrClient";
			};
			name = Release;
		};
		B9E2A89E25CEA3EC00C99702 /* Debug */ = {
			isa = XCBuildConfiguration;
			baseConfigurationReference = B1225900629BA50D4A438AEC /* Pods-FlickrClient-FlickrClientUITests.debug.xcconfig */;
			buildSettings = {
				ALWAYS_EMBED_SWIFT_STANDARD_LIBRARIES = YES;
				CODE_SIGN_STYLE = Automatic;
				DEVELOPMENT_TEAM = W46666GWCL;
				INFOPLIST_FILE = FlickrClientUITests/Info.plist;
				LD_RUNPATH_SEARCH_PATHS = (
					"$(inherited)",
					"@executable_path/Frameworks",
					"@loader_path/Frameworks",
				);
				PRODUCT_BUNDLE_IDENTIFIER = lrogean.com.FlickrClientUITests;
				PRODUCT_NAME = "$(TARGET_NAME)";
				SWIFT_VERSION = 5.0;
				TARGETED_DEVICE_FAMILY = "1,2";
				TEST_TARGET_NAME = FlickrClient;
			};
			name = Debug;
		};
		B9E2A89F25CEA3EC00C99702 /* Release */ = {
			isa = XCBuildConfiguration;
			baseConfigurationReference = 52B3E1FD45466DB1ABC0B3FA /* Pods-FlickrClient-FlickrClientUITests.release.xcconfig */;
			buildSettings = {
				ALWAYS_EMBED_SWIFT_STANDARD_LIBRARIES = YES;
				CODE_SIGN_STYLE = Automatic;
				DEVELOPMENT_TEAM = W46666GWCL;
				INFOPLIST_FILE = FlickrClientUITests/Info.plist;
				LD_RUNPATH_SEARCH_PATHS = (
					"$(inherited)",
					"@executable_path/Frameworks",
					"@loader_path/Frameworks",
				);
				PRODUCT_BUNDLE_IDENTIFIER = lrogean.com.FlickrClientUITests;
				PRODUCT_NAME = "$(TARGET_NAME)";
				SWIFT_VERSION = 5.0;
				TARGETED_DEVICE_FAMILY = "1,2";
				TEST_TARGET_NAME = FlickrClient;
			};
			name = Release;
		};
/* End XCBuildConfiguration section */

/* Begin XCConfigurationList section */
		B9E2A86525CEA3E400C99702 /* Build configuration list for PBXProject "FlickrClient" */ = {
			isa = XCConfigurationList;
			buildConfigurations = (
				B9E2A89525CEA3EC00C99702 /* Debug */,
				B9E2A89625CEA3EC00C99702 /* Release */,
			);
			defaultConfigurationIsVisible = 0;
			defaultConfigurationName = Release;
		};
		B9E2A89725CEA3EC00C99702 /* Build configuration list for PBXNativeTarget "FlickrClient" */ = {
			isa = XCConfigurationList;
			buildConfigurations = (
				B9E2A89825CEA3EC00C99702 /* Debug */,
				B9E2A89925CEA3EC00C99702 /* Release */,
			);
			defaultConfigurationIsVisible = 0;
			defaultConfigurationName = Release;
		};
		B9E2A89A25CEA3EC00C99702 /* Build configuration list for PBXNativeTarget "FlickrClientTests" */ = {
			isa = XCConfigurationList;
			buildConfigurations = (
				B9E2A89B25CEA3EC00C99702 /* Debug */,
				B9E2A89C25CEA3EC00C99702 /* Release */,
			);
			defaultConfigurationIsVisible = 0;
			defaultConfigurationName = Release;
		};
		B9E2A89D25CEA3EC00C99702 /* Build configuration list for PBXNativeTarget "FlickrClientUITests" */ = {
			isa = XCConfigurationList;
			buildConfigurations = (
				B9E2A89E25CEA3EC00C99702 /* Debug */,
				B9E2A89F25CEA3EC00C99702 /* Release */,
			);
			defaultConfigurationIsVisible = 0;
			defaultConfigurationName = Release;
		};
/* End XCConfigurationList section */

/* Begin XCVersionGroup section */
		B9E2A87625CEA3E500C99702 /* FlickrClient.xcdatamodeld */ = {
			isa = XCVersionGroup;
			children = (
				B9E2A87725CEA3E500C99702 /* FlickrClient.xcdatamodel */,
			);
			currentVersion = B9E2A87725CEA3E500C99702 /* FlickrClient.xcdatamodel */;
			path = FlickrClient.xcdatamodeld;
			sourceTree = "<group>";
			versionGroupType = wrapper.xcdatamodel;
		};
/* End XCVersionGroup section */
	};
	rootObject = B9E2A86225CEA3E400C99702 /* Project object */;
}
